
Microsoft Visual Studio Solution File, Format Version 12.00
# Visual Studio Version 17
VisualStudioVersion = 17.4.33103.184
MinimumVisualStudioVersion = 10.0.40219.1
Project("{FAE04EC0-301F-11D3-BF4B-00C04F79EFBC}") = "WanaCallSaul", "WanaCallSaul.csproj", "{BEC4363D-F000-4181-833D-69B93D391C7A}"
EndProject
Global
	GlobalSection(SolutionConfigurationPlatforms) = preSolution
		Debug|Any CPU = Debug|Any CPU
		Release|Any CPU = Release|Any CPU
	EndGlobalSection
	GlobalSection(ProjectConfigurationPlatforms) = postSolution
		{BEC4363D-F000-4181-833D-69B93D391C7A}.Debug|Any CPU.ActiveCfg = Debug|Any CPU
		{BEC4363D-F000-4181-833D-69B93D391C7A}.Debug|Any CPU.Build.0 = Debug|Any CPU
		{BEC4363D-F000-4181-833D-69B93D391C7A}.Release|Any CPU.ActiveCfg = Release|Any CPU
		{BEC4363D-F000-4181-833D-69B93D391C7A}.Release|Any CPU.Build.0 = Release|Any CPU
	EndGlobalSection
	GlobalSection(SolutionProperties) = preSolution
		HideSolutionNode = FALSE
	EndGlobalSection
	GlobalSection(ExtensibilityGlobals) = postSolution
		SolutionGuid = {90E19BF9-9C13-4694-A3B6-E03F062A3FCA}
	EndGlobalSection
EndGlobal
